
Microsoft Visual Studio Solution File, Format Version 12.00
# Visual Studio Version 17
VisualStudioVersion = 17.9.34622.214
MinimumVisualStudioVersion = 10.0.40219.1
Project("{FAE04EC0-301F-11D3-BF4B-00C04F79EFBC}") = "BetterFinancialControl", "BetterFinancialControl\BetterFinancialControl.csproj", "{2E962CDB-8DE5-4D70-B313-341EACADFDBF}"
EndProject
Global
	GlobalSection(SolutionConfigurationPlatforms) = preSolution
		Debug|Any CPU = Debug|Any CPU
		Release|Any CPU = Release|Any CPU
	EndGlobalSection
	GlobalSection(ProjectConfigurationPlatforms) = postSolution
		{2E962CDB-8DE5-4D70-B313-341EACADFDBF}.Debug|Any CPU.ActiveCfg = Debug|Any CPU
		{2E962CDB-8DE5-4D70-B313-341EACADFDBF}.Debug|Any CPU.Build.0 = Debug|Any CPU
		{2E962CDB-8DE5-4D70-B313-341EACADFDBF}.Debug|Any CPU.Deploy.0 = Debug|Any CPU
		{2E962CDB-8DE5-4D70-B313-341EACADFDBF}.Release|Any CPU.ActiveCfg = Release|Any CPU
		{2E962CDB-8DE5-4D70-B313-341EACADFDBF}.Release|Any CPU.Build.0 = Release|Any CPU
		{2E962CDB-8DE5-4D70-B313-341EACADFDBF}.Release|Any CPU.Deploy.0 = Release|Any CPU
	EndGlobalSection
	GlobalSection(SolutionProperties) = preSolution
		HideSolutionNode = FALSE
	EndGlobalSection
	GlobalSection(ExtensibilityGlobals) = postSolution
		SolutionGuid = {E82A8C16-CC00-42EC-B1C6-E12DBEC340C9}
	EndGlobalSection
EndGlobal
